
Microsoft Visual Studio Solution File, Format Version 12.00
# Visual Studio Version 17
VisualStudioVersion = 17.6.33815.320
MinimumVisualStudioVersion = 10.0.40219.1
Project("{FAE04EC0-301F-11D3-BF4B-00C04F79EFBC}") = "WebBanHang", "WebBanHang\WebBanHang.csproj", "{C400D7EA-B033-4326-A81E-75B40425B3CC}"
EndProject
Global
	GlobalSection(SolutionConfigurationPlatforms) = preSolution
		Debug|Any CPU = Debug|Any CPU
		Release|Any CPU = Release|Any CPU
	EndGlobalSection
	GlobalSection(ProjectConfigurationPlatforms) = postSolution
		{C400D7EA-B033-4326-A81E-75B40425B3CC}.Debug|Any CPU.ActiveCfg = Debug|Any CPU
		{C400D7EA-B033-4326-A81E-75B40425B3CC}.Debug|Any CPU.Build.0 = Debug|Any CPU
		{C400D7EA-B033-4326-A81E-75B40425B3CC}.Release|Any CPU.ActiveCfg = Release|Any CPU
		{C400D7EA-B033-4326-A81E-75B40425B3CC}.Release|Any CPU.Build.0 = Release|Any CPU
	EndGlobalSection
	GlobalSection(SolutionProperties) = preSolution
		HideSolutionNode = FALSE
	EndGlobalSection
	GlobalSection(ExtensibilityGlobals) = postSolution
		SolutionGuid = {1A38219C-460E-4791-9D29-8926ECA21B8B}
	EndGlobalSection
EndGlobal
